lockfileVersion: '9.0'

settings:
  autoInstallPeers: true
  excludeLinksFromLockfile: false

importers:

  .:
    dependencies:
      '@hookform/resolvers':
        specifier: ^5.2.2
        version: 5.2.2(react-hook-form@7.75.0(react@19.2.6))
      clsx:
        specifier: ^2.1.1
        version: 2.1.1
      framer-motion:
        specifier: ^12.38.0
        version: 12.38.0(react-dom@19.2.6(react@19.2.6))(react@19.2.6)
      lucide-react:
        specifier: ^1.14.0
        version: 1.14.0(react@19.2.6)
      react-hook-form:
        specifier: ^7.75.0
        version: 7.75.0(react@19.2.6)
      tailwind-merge:
        specifier: ^3.6.0
        version: 3.6.0
      yet-another-react-lightbox:
        specifier: ^3.32.0
        version: 3.32.0(react-dom@19.2.6(react@19.2.6))(react@19.2.6)
      zod:
        specifier: ^4.4.3
        version: 4.4.3
    devDependencies:
      '@types/node':
        specifier: ^25.6.2
        version: 25.6.2

packages:

  '@hookform/resolvers@5.2.2':
    resolution: {integrity: sha512-A/IxlMLShx3KjV/HeTcTfaMxdwy690+L/ZADoeaTltLx+CVuzkeVIPuybK3jrRfw7YZnmdKsVVHAlEPIAEUNlA==}
    peerDependencies:
      react-hook-form: ^7.55.0

  '@standard-schema/utils@0.3.0':
    resolution: {integrity: sha512-e7Mew686owMaPJVNNLs55PUvgz371nKgwsc4vxE49zsODpJEnxgxRo2y/OKrqueavXgZNMDVj3DdHFlaSAeU8g==}

  '@types/node@25.6.2':
    resolution: {integrity: sha512-sokuT28dxf9JT5Kady1fsXOvI4HVpjZa95NKT5y9PNTIrs2AsobR4GFAA90ZG8M+nxVRLysCXsVj6eGC7Vbrlw==}

  clsx@2.1.1:
    resolution: {integrity: sha512-eYm0QWBtUrBWZWG0d386OGAw16Z995PiOVo2B7bjWSbHedGl5e0ZWaq65kOGgUSNesEIDkB9ISbTg/JK9dhCZA==}
    engines: {node: '>=6'}

  framer-motion@12.38.0:
    resolution: {integrity: sha512-rFYkY/pigbcswl1XQSb7q424kSTQ8q6eAC+YUsSKooHQYuLdzdHjrt6uxUC+PRAO++q5IS7+TamgIw1AphxR+g==}
    peerDependencies:
      '@emotion/is-prop-valid': '*'
      react: ^18.0.0 || ^19.0.0
      react-dom: ^18.0.0 || ^19.0.0
    peerDependenciesMeta:
      '@emotion/is-prop-valid':
        optional: true
      react:
        optional: true
      react-dom:
        optional: true

  lucide-react@1.14.0:
    resolution: {integrity: sha512-+1mdWcfSJVUsaTIjN9zoezmUhfXo5l0vP7ekBMPo3jcS/aIkxHnXqAPsByszMZx/Y8oQBRJxJx5xg+RH3urzxA==}
    peerDependencies:
      react: ^16.5.1 || ^17.0.0 || ^18.0.0 || ^19.0.0

  motion-dom@12.38.0:
    resolution: {integrity: sha512-pdkHLD8QYRp8VfiNLb8xIBJis1byQ9gPT3Jnh2jqfFtAsWUA3dEepDlsWe/xMpO8McV+VdpKVcp+E+TGJEtOoA==}

  motion-utils@12.36.0:
    resolution: {integrity: sha512-eHWisygbiwVvf6PZ1vhaHCLamvkSbPIeAYxWUuL3a2PD/TROgE7FvfHWTIH4vMl798QLfMw15nRqIaRDXTlYRg==}

  react-dom@19.2.6:
    resolution: {integrity: sha512-0prMI+hvBbPjsWnxDLxlCGyM8PN6UuWjEUCYmZhO67xIV9Xasa/r/vDnq+Xyq4Lo27g8QSbO5YzARu0D1Sps3g==}
    peerDependencies:
      react: ^19.2.6

  react-hook-form@7.75.0:
    resolution: {integrity: sha512-Ovv94H+0p3sJ7B9B5QxPuCP1u8V/cHuVGyH55cSwodYDtoJwK+fqk3vjfIgSX59I2U/bU4z0nRJ9HMLpNiWEmw==}
    engines: {node: '>=18.0.0'}
    peerDependencies:
      react: ^16.8.0 || ^17 || ^18 || ^19

  react@19.2.6:
    resolution: {integrity: sha512-sfWGGfavi0xr8Pg0sVsyHMAOziVYKgPLNrS7ig+ivMNb3wbCBw3KxtflsGBAwD3gYQlE/AEZsTLgToRrSCjb0Q==}
    engines: {node: '>=0.10.0'}

  scheduler@0.27.0:
    resolution: {integrity: sha512-eNv+WrVbKu1f3vbYJT/xtiF5syA5HPIMtf9IgY/nKg0sWqzAUEvqY/xm7OcZc/qafLx/iO9FgOmeSAp4v5ti/Q==}

  tailwind-merge@3.6.0:
    resolution: {integrity: sha512-uxL7qAVQriqRQPAyK3pj66VqskWqoZ37PW94jwOTwNfq/z9oyu1V+eqrZqtR2+fCiXdYOZe/Modt8GtvqNzu+w==}

  tslib@2.8.1:
    resolution: {integrity: sha512-oJFu94HQb+KVduSUQL7wnpmqnfmLsOA/nAh6b6EH0wCEoK0/mPeXU6c3wKDV83MkOuHPRHtSXKKU99IBazS/2w==}

  undici-types@7.19.2:
    resolution: {integrity: sha512-qYVnV5OEm2AW8cJMCpdV20CDyaN3g0AjDlOGf1OW4iaDEx8MwdtChUp4zu4H0VP3nDRF/8RKWH+IPp9uW0YGZg==}

  yet-another-react-lightbox@3.32.0:
    resolution: {integrity: sha512-FWODOMrE07i3O5MeWRcYlcnAUk518zkUYKAe307pVW5pkey3hKMcAIWn8yMIURzGvbd3m9eghWO9CocEZmQPIg==}
    engines: {node: '>=14'}
    peerDependencies:
      '@types/react': ^16 || ^17 || ^18 || ^19
      '@types/react-dom': ^16 || ^17 || ^18 || ^19
      react: ^16.8.0 || ^17 || ^18 || ^19
      react-dom: ^16.8.0 || ^17 || ^18 || ^19
    peerDependenciesMeta:
      '@types/react':
        optional: true
      '@types/react-dom':
        optional: true

  zod@4.4.3:
    resolution: {integrity: sha512-ytENFjIJFl2UwYglde2jchW2Hwm4GJFLDiSXWdTrJQBIN9Fcyp7n4DhxJEiWNAJMV1/BqWfW/kkg71UDcHJyTQ==}

snapshots:

  '@hookform/resolvers@5.2.2(react-hook-form@7.75.0(react@19.2.6))':
    dependencies:
      '@standard-schema/utils': 0.3.0
      react-hook-form: 7.75.0(react@19.2.6)

  '@standard-schema/utils@0.3.0': {}

  '@types/node@25.6.2':
    dependencies:
      undici-types: 7.19.2

  clsx@2.1.1: {}

  framer-motion@12.38.0(react-dom@19.2.6(react@19.2.6))(react@19.2.6):
    dependencies:
      motion-dom: 12.38.0
      motion-utils: 12.36.0
      tslib: 2.8.1
    optionalDependencies:
      react: 19.2.6
      react-dom: 19.2.6(react@19.2.6)

  lucide-react@1.14.0(react@19.2.6):
    dependencies:
      react: 19.2.6

  motion-dom@12.38.0:
    dependencies:
      motion-utils: 12.36.0

  motion-utils@12.36.0: {}

  react-dom@19.2.6(react@19.2.6):
    dependencies:
      react: 19.2.6
      scheduler: 0.27.0

  react-hook-form@7.75.0(react@19.2.6):
    dependencies:
      react: 19.2.6

  react@19.2.6: {}

  scheduler@0.27.0: {}

  tailwind-merge@3.6.0: {}

  tslib@2.8.1: {}

  undici-types@7.19.2: {}

  yet-another-react-lightbox@3.32.0(react-dom@19.2.6(react@19.2.6))(react@19.2.6):
    dependencies:
      react: 19.2.6
      react-dom: 19.2.6(react@19.2.6)

  zod@4.4.3: {}
